{
  "name": "lab9",
  "version": "1.0.0",
  "lockfileVersion": 1,
  "requires": true,
  "dependencies": {
    "merkle-hellman": {
      "version": "2.0.0",
      "resolved": "https://bams-aws.refinitiv.com/artifactory/api/npm/default.npm.global/merkle-hellman/-/merkle-hellman-2.0.0.tgz",
      "integrity": "sha1-L+OALMWOlyc0L1PO4Stjv7LJAM4="
    }
  }
}
